// !$*UTF8*$!
{
	archiveVersion = 1;
	classes = {
	};
	objectVersion = 48;
	objects = {

/* Begin PBXBuildFile section */
		F4F6246E1FD8F86400F5E0AA /* AppDelegate.swift in Sources */ = {isa = PBXBuildFile; fileRef = F4F6246D1FD8F86400F5E0AA /* AppDelegate.swift */; };
		F4F624701FD8F86400F5E0AA /* ViewController.swift in Sources */ = {isa = PBXBuildFile; fileRef = F4F6246F1FD8F86400F5E0AA /* ViewController.swift */; };
		F4F624731FD8F86400F5E0AA /* Main.storyboard in Resources */ = {isa = PBXBuildFile; fileRef = F4F624711FD8F86400F5E0AA /* Main.storyboard */; };
		F4F624751FD8F86400F5E0AA /* Assets.xcassets in Resources */ = {isa = PBXBuildFile; fileRef = F4F624741FD8F86400F5E0AA /* Assets.xcassets */; };
		F4F624781FD8F86400F5E0AA /* LaunchScreen.storyboard in Resources */ = {isa = PBXBuildFile; fileRef = F4F624761FD8F86400F5E0AA /* LaunchScreen.storyboard */; };
/* End PBXBuildFile section */

/* Begin PBXFileReference section */
		F4F6246A1FD8F86400F5E0AA /* PageTheScroll.app */ = {isa = PBXFileReference; explicitFileType = wrapper.application; includeInIndex = 0; path = PageTheScroll.app; sourceTree = BUILT_PRODUCTS_DIR; };
		F4F6246D1FD8F86400F5E0AA /* AppDelegate.swift */ = {isa = PBXFileReference; lastKnownFileType = sourcecode.swift; path = AppDelegate.swift; sourceTree = "<group>"; };
		F4F6246F1FD8F86400F5E0AA /* ViewController.swift */ = {isa = PBXFileReference; lastKnownFileType = sourcecode.swift; path = ViewController.swift; sourceTree = "<group>"; };
		F4F624721FD8F86400F5E0AA /* Base */ = {isa = PBXFileReference; lastKnownFileType = file.storyboard; name = Base; path = Base.lproj/Main.storyboard; sourceTree = "<group>"; };
		F4F624741FD8F86400F5E0AA /* Assets.xcassets */ = {isa = PBXFileReference; lastKnownFileType = folder.assetcatalog; path = Assets.xcassets; sourceTree = "<group>"; };
		F4F624771FD8F86400F5E0AA /* Base */ = {isa = PBXFileReference; lastKnownFileType = file.storyboard; name = Base; path = Base.lproj/LaunchScreen.storyboard; sourceTree = "<group>"; };
		F4F624791FD8F86400F5E0AA /* Info.plist */ = {isa = PBXFileReference; lastKnownFileType = text.plist.xml; path = Info.plist; sourceTree = "<group>"; };
/* End PBXFileReference section */

/* Begin PBXFrameworksBuildPhase section */
		F4F624671FD8F86400F5E0AA /* Frameworks */ = {
			isa = PBXFrameworksBuildPhase;
			buildActionMask = 2147483647;
			files = (
			);
			runOnlyForDeploymentPostprocessing = 0;
		};
/* End PBXFrameworksBuildPhase section */

/* Begin PBXGroup section */
		F4F624611FD8F86400F5E0AA = {
			isa = PBXGroup;
			children = (
				F4F6246C1FD8F86400F5E0AA /* PageTheScroll */,
				F4F6246B1FD8F86400F5E0AA /* Products */,
			);
			sourceTree = "<group>";
		};
		F4F6246B1FD8F86400F5E0AA /* Products */ = {
			isa = PBXGroup;
			children = (
				F4F6246A1FD8F86400F5E0AA /* PageTheScroll.app */,
			);
			name = Products;
			sourceTree = "<group>";
		};
		F4F6246C1FD8F86400F5E0AA /* PageTheScroll */ = {
			isa = PBXGroup;
			children = (
				F4F6246D1FD8F86400F5E0AA /* AppDelegate.swift */,
				F4F6246F1FD8F86400F5E0AA /* ViewController.swift */,
				F4F624711FD8F86400F5E0AA /* Main.storyboard */,
				F4F624741FD8F86400F5E0AA /* Assets.xcassets */,
				F4F624761FD8F86400F5E0AA /* LaunchScreen.storyboard */,
				F4F624791FD8F86400F5E0AA /* Info.plist */,
			);
			path = PageTheScroll;
			sourceTree = "<group>";
		};
/* End PBXGroup section */

/* Begin PBXNativeTarget section */
		F4F624691FD8F86400F5E0AA /* PageTheScroll */ = {
			isa = PBXNativeTarget;
			buildConfigurationList = F4F6247C1FD8F86400F5E0AA /* Build configuration list for PBXNativeTarget "PageTheScroll" */;
			buildPhases = (
				F4F624661FD8F86400F5E0AA /* Sources */,
				F4F624671FD8F86400F5E0AA /* Frameworks */,
				F4F624681FD8F86400F5E0AA /* Resources */,
			);
			buildRules = (
			);
			dependencies = (
			);
			name = PageTheScroll;
			productName = PageTheScroll;
			productReference = F4F6246A1FD8F86400F5E0AA /* PageTheScroll.app */;
			productType = "com.apple.product-type.application";
		};
/* End PBXNativeTarget section */

/* Begin PBXProject section */
		F4F624621FD8F86400F5E0AA /* Project object */ = {
			isa = PBXProject;
			attributes = {
				LastSwiftUpdateCheck = 0920;
				LastUpgradeCheck = 0920;
				ORGANIZATIONNAME = home;
				TargetAttributes = {
					F4F624691FD8F86400F5E0AA = {
						CreatedOnToolsVersion = 9.2;
						ProvisioningStyle = Automatic;
					};
				};
			};
			buildConfigurationList = F4F624651FD8F86400F5E0AA /* Build configuration list for PBXProject "PageTheScroll" */;
			compatibilityVersion = "Xcode 8.0";
			developmentRegion = en;
			hasScannedForEncodings = 0;
			knownRegions = (
				en,
				Base,
			);
			mainGroup = F4F624611FD8F86400F5E0AA;
			productRefGroup = F4F6246B1FD8F86400F5E0AA /* Products */;
			projectDirPath = "";
			projectRoot = "";
			targets = (
				F4F624691FD8F86400F5E0AA /* PageTheScroll */,
			);
		};
/* End PBXProject section */

/* Begin PBXResourcesBuildPhase section */
		F4F624681FD8F86400F5E0AA /* Resources */ = {
			isa = PBXResourcesBuildPhase;
			buildActionMask = 2147483647;
			files = (
				F4F624781FD8F86400F5E0AA /* LaunchScreen.storyboard in Resources */,
				F4F624751FD8F86400F5E0AA /* Assets.xcassets in Resources */,
				F4F624731FD8F86400F5E0AA /* Main.storyboard in Resources */,
			);
			runOnlyForDeploymentPostprocessing = 0;
		};
/* End PBXResourcesBuildPhase section */

/* Begin PBXSourcesBuildPhase section */
		F4F624661FD8F86400F5E0AA /* Sources */ = {
			isa = PBXSourcesBuildPhase;
			buildActionMask = 2147483647;
			files = (
				F4F624701FD8F86400F5E0AA /* ViewController.swift in Sources */,
				F4F6246E1FD8F86400F5E0AA /* AppDelegate.swift in Sources */,
			);
			runOnlyForDeploymentPostprocessing = 0;
		};
/* End PBXSourcesBuildPhase section */

/* Begin PBXVariantGroup section */
		F4F624711FD8F86400F5E0AA /* Main.storyboard */ = {
			isa = PBXVariantGroup;
			children = (
				F4F624721FD8F86400F5E0AA /* Base */,
			);
			name = Main.storyboard;
			sourceTree = "<group>";
		};
		F4F624761FD8F86400F5E0AA /* LaunchScreen.storyboard */ = {
			isa = PBXVariantGroup;
			children = (
				F4F624771FD8F86400F5E0AA /* Base */,
			);
			name = LaunchScreen.storyboard;
			sourceTree = "<group>";
		};
/* End PBXVariantGroup section */

/* Begin XCBuildConfiguration section */
		F4F6247A1FD8F86400F5E0AA /* Debug */ = {
			isa = XCBuildConfiguration;
			buildSettings = {
				ALWAYS_SEARCH_USER_PATHS = NO;
				CLANG_ANALYZER_NONNULL = YES;
				CLANG_ANALYZER_NUMBER_OBJECT_CONVERSION = YES_AGGRESSIVE;
				CLANG_CXX_LANGUAGE_STANDARD = "gnu++14";
				CLANG_CXX_LIBRARY = "libc++";
				CLANG_ENABLE_MODULES = YES;
				CLANG_ENABLE_OBJC_ARC = YES;
				CLANG_WARN_BLOCK_CAPTURE_AUTORELEASING = YES;
				CLANG_WARN_BOOL_CONVERSION = YES;
				CLANG_WARN_COMMA = YES;
				CLANG_WARN_CONSTANT_CONVERSION = YES;
				CLANG_WARN_DIRECT_OBJC_ISA_USAGE = YES_ERROR;
				CLANG_WARN_DOCUMENTATION_COMMENTS = YES;
				CLANG_WARN_EMPTY_BODY = YES;
				CLANG_WARN_ENUM_CONVERSION = YES;
				CLANG_WARN_INFINITE_RECURSION = YES;
				CLANG_WARN_INT_CONVERSION = YES;
				CLANG_WARN_NON_LITERAL_NULL_CONVERSION = YES;
				CLANG_WARN_OBJC_LITERAL_CONVERSION = YES;
				CLANG_WARN_OBJC_ROOT_CLASS = YES_ERROR;
				CLANG_WARN_RANGE_LOOP_ANALYSIS = YES;
				CLANG_WARN_STRICT_PROTOTYPES = YES;
				CLANG_WARN_SUSPICIOUS_MOVE = YES;
				CLANG_WARN_UNGUARDED_AVAILABILITY = YES_AGGRESSIVE;
				CLANG_WARN_UNREACHABLE_CODE = YES;
				CLANG_WARN__DUPLICATE_METHOD_MATCH = YES;
				CODE_SIGN_IDENTITY = "iPhone Developer";
				COPY_PHASE_STRIP = NO;
				DEBUG_INFORMATION_FORMAT = dwarf;
				ENABLE_STRICT_OBJC_MSGSEND = YES;
				ENABLE_TESTABILITY = YES;
				GCC_C_LANGUAGE_STANDARD = gnu11;
				GCC_DYNAMIC_NO_PIC = NO;
				GCC_NO_COMMON_BLOCKS = YES;
				GCC_OPTIMIZATION_LEVEL = 0;
				GCC_PREPROCESSOR_DEFINITIONS = (
					"DEBUG=1",
					"$(inherited)",
				);
				GCC_WARN_64_TO_32_BIT_CONVERSION = YES;
				GCC_WARN_ABOUT_RETURN_TYPE = YES_ERROR;
				GCC_WARN_UNDECLARED_SELECTOR = YES;
				GCC_WARN_UNINITIALIZED_AUTOS = YES_AGGRESSIVE;
				GCC_WARN_UNUSED_FUNCTION = YES;
				GCC_WARN_UNUSED_VARIABLE = YES;
				IPHONEOS_DEPLOYMENT_TARGET = 11.2;
				MTL_ENABLE_DEBUG_INFO = YES;
				ONLY_ACTIVE_ARCH = YES;
				SDKROOT = iphoneos;
				SWIFT_ACTIVE_COMPILATION_CONDITIONS = DEBUG;
				SWIFT_OPTIMIZATION_LEVEL = "-Onone";
			};
			name = Debug;
		};
		F4F6247B1FD8F86400F5E0AA /* Release */ = {
			isa = XCBuildConfiguration;
			buildSettings = {
				ALWAYS_SEARCH_USER_PATHS = NO;
				CLANG_ANALYZER_NONNULL = YES;
				CLANG_ANALYZER_NUMBER_OBJECT_CONVERSION = YES_AGGRESSIVE;
				CLANG_CXX_LANGUAGE_STANDARD = "gnu++14";
				CLANG_CXX_LIBRARY = "libc++";
				CLANG_ENABLE_MODULES = YES;
				CLANG_ENABLE_OBJC_ARC = YES;
				CLANG_WARN_BLOCK_CAPTURE_AUTORELEASING = YES;
				CLANG_WARN_BOOL_CONVERSION = YES;
				CLANG_WARN_COMMA = YES;
				CLANG_WARN_CONSTANT_CONVERSION = YES;
				CLANG_WARN_DIRECT_OBJC_ISA_USAGE = YES_ERROR;
				CLANG_WARN_DOCUMENTATION_COMMENTS = YES;
				CLANG_WARN_EMPTY_BODY = YES;
				CLANG_WARN_ENUM_CONVERSION = YES;
				CLANG_WARN_INFINITE_RECURSION = YES;
				CLANG_WARN_INT_CONVERSION = YES;
				CLANG_WARN_NON_LITERAL_NULL_CONVERSION = YES;
				CLANG_WARN_OBJC_LITERAL_CONVERSION = YES;
				CLANG_WARN_OBJC_ROOT_CLASS = YES_ERROR;
				CLANG_WARN_RANGE_LOOP_ANALYSIS = YES;
				CLANG_WARN_STRICT_PROTOTYPES = YES;
				CLANG_WARN_SUSPICIOUS_MOVE = YES;
				CLANG_WARN_UNGUARDED_AVAILABILITY = YES_AGGRESSIVE;
				CLANG_WARN_UNREACHABLE_CODE = YES;
				CLANG_WARN__DUPLICATE_METHOD_MATCH = YES;
				CODE_SIGN_IDENTITY = "iPhone Developer";
				COPY_PHASE_STRIP = NO;
				DEBUG_INFORMATION_FORMAT = "dwarf-with-dsym";
				ENABLE_NS_ASSERTIONS = NO;
				ENABLE_STRICT_OBJC_MSGSEND = YES;
				GCC_C_LANGUAGE_STANDARD = gnu11;
				GCC_NO_COMMON_BLOCKS = YES;
				GCC_WARN_64_TO_32_BIT_CONVERSION = YES;
				GCC_WARN_ABOUT_RETURN_TYPE = YES_ERROR;
				GCC_WARN_UNDECLARED_SELECTOR = YES;
				GCC_WARN_UNINITIALIZED_AUTOS = YES_AGGRESSIVE;
				GCC_WARN_UNUSED_FUNCTION = YES;
				GCC_WARN_UNUSED_VARIABLE = YES;
				IPHONEOS_DEPLOYMENT_TARGET = 11.2;
				MTL_ENABLE_DEBUG_INFO = NO;
				SDKROOT = iphoneos;
				SWIFT_OPTIMIZATION_LEVEL = "-Owholemodule";
				VALIDATE_PRODUCT = YES;
			};
			name = Release;
		};
		F4F6247D1FD8F86400F5E0AA /* Debug */ = {
			isa = XCBuildConfiguration;
			buildSettings = {
				ASSETCATALOG_COMPILER_APPICON_NAME = AppIcon;
				CODE_SIGN_STYLE = Automatic;
				INFOPLIST_FILE = PageTheScroll/Info.plist;
				LD_RUNPATH_SEARCH_PATHS = "$(inherited) @executable_path/Frameworks";
				PRODUCT_BUNDLE_IDENTIFIER = home.PageTheScroll;
				PRODUCT_NAME = "$(TARGET_NAME)";
				SWIFT_VERSION = 4.0;
				TARGETED_DEVICE_FAMILY = "1,2";
			};
			name = Debug;
		};
		F4F6247E1FD8F86400F5E0AA /* Release */ = {
			isa = XCBuildConfiguration;
			buildSettings = {
				ASSETCATALOG_COMPILER_APPICON_NAME = AppIcon;
				CODE_SIGN_STYLE = Automatic;
				INFOPLIST_FILE = PageTheScroll/Info.plist;
				LD_RUNPATH_SEARCH_PATHS = "$(inherited) @executable_path/Frameworks";
				PRODUCT_BUNDLE_IDENTIFIER = home.PageTheScroll;
				PRODUCT_NAME = "$(TARGET_NAME)";
				SWIFT_VERSION = 4.0;
				TARGETED_DEVICE_FAMILY = "1,2";
			};
			name = Release;
		};
/* End XCBuildConfiguration section */

/* Begin XCConfigurationList section */
		F4F624651FD8F86400F5E0AA /* Build configuration list for PBXProject "PageTheScroll" */ = {
			isa = XCConfigurationList;
			buildConfigurations = (
				F4F6247A1FD8F86400F5E0AA /* Debug */,
				F4F6247B1FD8F86400F5E0AA /* Release */,
			);
			defaultConfigurationIsVisible = 0;
			defaultConfigurationName = Release;
		};
		F4F6247C1FD8F86400F5E0AA /* Build configuration list for PBXNativeTarget "PageTheScroll" */ = {
			isa = XCConfigurationList;
			buildConfigurations = (
				F4F6247D1FD8F86400F5E0AA /* Debug */,
				F4F6247E1FD8F86400F5E0AA /* Release */,
			);
			defaultConfigurationIsVisible = 0;
			defaultConfigurationName = Release;
		};
/* End XCConfigurationList section */
	};
	rootObject = F4F624621FD8F86400F5E0AA /* Project object */;
}
